<Solution>
  <Folder Name="/Samples/">
    <File Path="samples/Directory.Packages.props" />
    <Project Path="samples/Impressionist.Demo.Android/Impressionist.Demo.Android.csproj" Id="a38ebc52-4af0-4eac-8b0d-dec377bfc83c">
      <Deploy />
    </Project>
    <Project Path="samples/Impressionist.Demo.Browser/Impressionist.Demo.Browser.csproj" Id="fa9c9a27-ab1d-4d05-888c-bd7e92560ca3" />
    <Project Path="samples/Impressionist.Demo.Desktop/Impressionist.Demo.Desktop.csproj" Id="972e64b5-e2ca-4eb1-8afd-6eefa4101898" />
    <Project Path="samples/Impressionist.Demo.iOS/Impressionist.Demo.iOS.csproj" Id="34b73278-d086-4e2d-b70b-46133f4d8a10">
      <Deploy />
    </Project>
    <Project Path="samples/Impressionist.Demo/Impressionist.Demo.csproj" Id="e8dd3ce8-f145-40fd-a325-a3ad2e416286" />
  </Folder>
  <Project Path="src/Impressionist/Impressionist.csproj" Id="6cef9e4d-a564-434b-ae96-c853c7a56010" />

</Solution>
