
Microsoft Visual Studio Solution File, Format Version 12.00
# Visual Studio Version 17
VisualStudioVersion = 17.9.34728.123
MinimumVisualStudioVersion = 10.0.40219.1
Project("{9A19103F-16F7-4668-BE54-9A1E7A4F7556}") = "Impressionist", "Impressionist\Impressionist.csproj", "{90BFD9F6-514F-40F1-BE87-7EAFCA55E16D}"
EndProject
Project("{FAE04EC0-301F-11D3-BF4B-00C04F79EFBC}") = "Impressionist.Benchmark", "Impressionist.Benchmark\Impressionist.Benchmark.csproj", "{14FB07AA-3DCD-4AE8-88DF-65EA68C974AF}"
EndProject
Global
	GlobalSection(SolutionConfigurationPlatforms) = preSolution
		Debug|Any CPU = Debug|Any CPU
		Release|Any CPU = Release|Any CPU
	EndGlobalSection
	GlobalSection(ProjectConfigurationPlatforms) = postSolution
		{90BFD9F6-514F-40F1-BE87-7EAFCA55E16D}.Debug|Any CPU.ActiveCfg = Debug|Any CPU
		{90BFD9F6-514F-40F1-BE87-7EAFCA55E16D}.Debug|Any CPU.Build.0 = Debug|Any CPU
		{90BFD9F6-514F-40F1-BE87-7EAFCA55E16D}.Release|Any CPU.ActiveCfg = Release|Any CPU
		{90BFD9F6-514F-40F1-BE87-7EAFCA55E16D}.Release|Any CPU.Build.0 = Release|Any CPU
		{14FB07AA-3DCD-4AE8-88DF-65EA68C974AF}.Debug|Any CPU.ActiveCfg = Debug|Any CPU
		{14FB07AA-3DCD-4AE8-88DF-65EA68C974AF}.Debug|Any CPU.Build.0 = Debug|Any CPU
		{14FB07AA-3DCD-4AE8-88DF-65EA68C974AF}.Release|Any CPU.ActiveCfg = Release|Any CPU
		{14FB07AA-3DCD-4AE8-88DF-65EA68C974AF}.Release|Any CPU.Build.0 = Release|Any CPU
	EndGlobalSection
	GlobalSection(SolutionProperties) = preSolution
		HideSolutionNode = FALSE
	EndGlobalSection
	GlobalSection(ExtensibilityGlobals) = postSolution
		SolutionGuid = {085FE9CD-1200-431E-909F-CE0F6ED12289}
	EndGlobalSection
EndGlobal
